{
  "version": 4,
  "terraform_version": "1.6.2",
  "serial": 131,
  "lineage": "e0dc4978-6aea-29ac-9b17-4357c33e62bd",
  "outputs": {
    "azs": {
      "value": [
        "us-east-1a",
        "us-east-1b",
        "us-east-1c"
      ],
      "type": [
        "list",
        "string"
      ]
    },
    "bastion_instance_eip": {
      "value": "3.230.198.65",
      "type": "string"
    },
    "ec2_bastion_instance_ids": {
      "value": "i-0bce3a7e6488850f1",
      "type": "string"
    },
    "nat_public_ips": {
      "value": [
        "34.198.232.22"
      ],
      "type": [
        "list",
        "string"
      ]
    },
    "private_subnets": {
      "value": [
        "subnet-0cca0d769a9a4acd3",
        "subnet-0f133a6703fd4e6cc",
        "subnet-0d5e6766df51494ae"
      ],
      "type": [
        "tuple",
        [
          "string",
          "string",
          "string"
        ]
      ]
    },
    "public_subnets": {
      "value": [
        "subnet-0d69bf95240ca662f",
        "subnet-0c64b133bd6c23635",
        "subnet-07f5dd7fbc98905fa"
      ],
      "type": [
        "tuple",
        [
          "string",
          "string",
          "string"
        ]
      ]
    },
    "vpc_cidr_block": {
      "value": "10.0.0.0/16",
      "type": "string"
    },
    "vpc_id": {
      "value": "vpc-0d29e4ae70561dfe9",
      "type": "string"
    }
  },
  "resources": [
    {
      "mode": "data",
      "type": "aws_ami",
      "name": "amazon_linux_ami",
      "provider": "provider[\"registry.terraform.io/hashicorp/aws\"]",
      "instances": [
        {
          "schema_version": 0,
          "attributes": {
            "architecture": "x86_64",
            "arn": "arn:aws:ec2:us-east-1::image/ami-01eccbf80522b562b",
            "block_device_mappings": [
              {
                "device_name": "/dev/xvda",
                "ebs": {
                  "delete_on_termination": "true",
                  "encrypted": "false",
                  "iops": "0",
                  "snapshot_id": "snap-08be6617f13b7405f",
                  "throughput": "0",
                  "volume_size": "8",
                  "volume_type": "gp2"
                },
                "no_device": "",
                "virtual_name": ""
              }
            ],
            "boot_mode": "",
            "creation_date": "2023-10-23T19:59:50.000Z",
            "deprecation_time": "2025-07-01T00:00:00.000Z",
            "description": "Amazon Linux 2 Kernel 5.10 AMI 2.0.20231020.1 x86_64 HVM gp2",
            "ena_support": true,
            "executable_users": null,
            "filter": [
              {
                "name": "architecture",
                "values": [
                  "x86_64"
                ]
              },
              {
                "name": "name",
                "values": [
                  "amzn2-ami-kernel-*-gp2"
                ]
              },
              {
                "name": "root-device-type",
                "values": [
                  "ebs"
                ]
              },
              {
                "name": "virtualization-type",
                "values": [
                  "hvm"
                ]
              }
            ],
            "hypervisor": "xen",
            "id": "ami-01eccbf80522b562b",
            "image_id": "ami-01eccbf80522b562b",
            "image_location": "amazon/amzn2-ami-kernel-5.10-hvm-2.0.20231020.1-x86_64-gp2",
            "image_owner_alias": "amazon",
            "image_type": "machine",
            "imds_support": "",
            "include_deprecated": false,
            "kernel_id": "",
            "most_recent": true,
            "name": "amzn2-ami-kernel-5.10-hvm-2.0.20231020.1-x86_64-gp2",
            "name_regex": null,
            "owner_id": "137112412989",
            "owners": [
              "amazon"
            ],
            "platform": "",
            "platform_details": "Linux/UNIX",
            "product_codes": [],
            "public": true,
            "ramdisk_id": "",
            "root_device_name": "/dev/xvda",
            "root_device_type": "ebs",
            "root_snapshot_id": "snap-08be6617f13b7405f",
            "sriov_net_support": "simple",
            "state": "available",
            "state_reason": {
              "code": "UNSET",
              "message": "UNSET"
            },
            "tags": {},
            "timeouts": null,
            "tpm_support": "",
            "usage_operation": "RunInstances",
            "virtualization_type": "hvm"
          },
          "sensitive_attributes": []
        }
      ]
    },
    {
      "mode": "data",
      "type": "aws_key_pair",
      "name": "example",
      "provider": "provider[\"registry.terraform.io/hashicorp/aws\"]",
      "instances": [
        {
          "schema_version": 0,
          "attributes": {
            "arn": "arn:aws:ec2:us-east-1:075948657693:key-pair/seba-mac",
            "create_time": "2022-09-28T10:34:40Z",
            "filter": null,
            "fingerprint": "43:e1:1b:86:7a:21:0c:df:c5:05:64:ab:2f:99:df:aa",
            "id": "key-010c629071c6d6ddd",
            "include_public_key": false,
            "key_name": "seba-mac",
            "key_pair_id": "key-010c629071c6d6ddd",
            "key_type": "rsa",
            "public_key": "",
            "tags": {},
            "timeouts": null
          },
          "sensitive_attributes": []
        }
      ]
    },
    {
      "mode": "managed",
      "type": "aws_db_instance",
      "name": "myinstance",
      "provider": "provider[\"registry.terraform.io/hashicorp/aws\"]",
      "instances": [
        {
          "schema_version": 2,
          "attributes": {
            "address": "myrdsinstance.cczeocclwg0h.us-east-1.rds.amazonaws.com",
            "allocated_storage": 20,
            "allow_major_version_upgrade": null,
            "apply_immediately": false,
            "arn": "arn:aws:rds:us-east-1:075948657693:db:myrdsinstance",
            "auto_minor_version_upgrade": true,
            "availability_zone": "us-east-1c",
            "backup_retention_period": 0,
            "backup_target": "region",
            "backup_window": "10:04-10:34",
            "blue_green_update": [],
            "ca_cert_identifier": "rds-ca-2019",
            "character_set_name": "",
            "copy_tags_to_snapshot": false,
            "custom_iam_instance_profile": "",
            "customer_owned_ip_enabled": false,
            "db_name": "store",
            "db_subnet_group_name": "main",
            "delete_automated_backups": true,
            "deletion_protection": false,
            "domain": "",
            "domain_iam_role_name": "",
            "enabled_cloudwatch_logs_exports": null,
            "endpoint": "myrdsinstance.cczeocclwg0h.us-east-1.rds.amazonaws.com:5432",
            "engine": "postgres",
            "engine_version": "15.3",
            "engine_version_actual": "15.3",
            "final_snapshot_identifier": null,
            "hosted_zone_id": "Z2R2ITUGPM61AM",
            "iam_database_authentication_enabled": false,
            "id": "db-NBLCNSFCDS47BLWPEZSI4XSC3I",
            "identifier": "myrdsinstance",
            "identifier_prefix": "",
            "instance_class": "db.t3.micro",
            "iops": 0,
            "kms_key_id": "",
            "latest_restorable_time": "",
            "license_model": "postgresql-license",
            "listener_endpoint": [],
            "maintenance_window": "fri:09:17-fri:09:47",
            "manage_master_user_password": null,
            "master_user_secret": [],
            "master_user_secret_kms_key_id": null,
            "max_allocated_storage": 0,
            "monitoring_interval": 0,
            "monitoring_role_arn": "",
            "multi_az": false,
            "nchar_character_set_name": "",
            "network_type": "IPV4",
            "option_group_name": "default:postgres-15",
            "parameter_group_name": "my-pg",
            "password": "myrdspassword",
            "performance_insights_enabled": false,
            "performance_insights_kms_key_id": "",
            "performance_insights_retention_period": 0,
            "port": 5432,
            "publicly_accessible": false,
            "replica_mode": "",
            "replicas": [],
            "replicate_source_db": "",
            "resource_id": "db-NBLCNSFCDS47BLWPEZSI4XSC3I",
            "restore_to_point_in_time": [],
            "s3_import": [],
            "skip_final_snapshot": true,
            "snapshot_identifier": null,
            "status": "available",
            "storage_encrypted": false,
            "storage_throughput": 0,
            "storage_type": "gp2",
            "tags": null,
            "tags_all": {},
            "timeouts": null,
            "timezone": "",
            "username": "postgres",
            "vpc_security_group_ids": [
              "sg-012ae002f74731275"
            ]
          },
          "sensitive_attributes": [],
          "private": "eyJlMmJmYjczMC1lY2FhLTExZTYtOGY4OC0zNDM2M2JjN2M0YzAiOnsiY3JlYXRlIjoyNDAwMDAwMDAwMDAwLCJkZWxldGUiOjM2MDAwMDAwMDAwMDAsInVwZGF0ZSI6NDgwMDAwMDAwMDAwMH0sInNjaGVtYV92ZXJzaW9uIjoiMiJ9",
          "dependencies": [
            "aws_db_parameter_group.example",
            "aws_db_subnet_group.default",
            "aws_security_group.rds_sg",
            "module.vpc.aws_subnet.public",
            "module.vpc.aws_vpc.this",
            "module.vpc.aws_vpc_ipv4_cidr_block_association.this"
          ]
        }
      ]
    },
    {
      "mode": "managed",
      "type": "aws_db_parameter_group",
      "name": "example",
      "provider": "provider[\"registry.terraform.io/hashicorp/aws\"]",
      "instances": [
        {
          "schema_version": 0,
          "attributes": {
            "arn": "arn:aws:rds:us-east-1:075948657693:pg:my-pg",
            "description": "Managed by Terraform",
            "family": "postgres15",
            "id": "my-pg",
            "name": "my-pg",
            "name_prefix": null,
            "parameter": [
              {
                "apply_method": "immediate",
                "name": "log_connections",
                "value": "1"
              }
            ],
            "tags": null,
            "tags_all": {}
          },
          "sensitive_attributes": [],
          "private": "bnVsbA==",
          "create_before_destroy": true
        }
      ]
    },
    {
      "mode": "managed",
      "type": "aws_db_subnet_group",
      "name": "default",
      "provider": "provider[\"registry.terraform.io/hashicorp/aws\"]",
      "instances": [
        {
          "schema_version": 0,
          "attributes": {
            "arn": "arn:aws:rds:us-east-1:075948657693:subgrp:main",
            "description": "Managed by Terraform",
            "id": "main",
            "name": "main",
            "name_prefix": "",
            "subnet_ids": [
              "subnet-07f5dd7fbc98905fa",
              "subnet-0c64b133bd6c23635",
              "subnet-0d69bf95240ca662f"
            ],
            "supported_network_types": [
              "IPV4"
            ],
            "tags": null,
            "tags_all": {},
            "vpc_id": "vpc-0d29e4ae70561dfe9"
          },
          "sensitive_attributes": [],
          "private": "bnVsbA==",
          "dependencies": [
            "module.vpc.aws_subnet.public",
            "module.vpc.aws_vpc.this",
            "module.vpc.aws_vpc_ipv4_cidr_block_association.this"
          ]
        }
      ]
    },
    {
      "mode": "managed",
      "type": "aws_eip",
      "name": "bastion_instance_eip",
      "provider": "provider[\"registry.terraform.io/hashicorp/aws\"]",
      "instances": [
        {
          "schema_version": 0,
          "attributes": {
            "address": null,
            "allocation_id": "eipalloc-0f553f06c229cd7bd",
            "associate_with_private_ip": null,
            "association_id": "eipassoc-09df30afe17bd85b1",
            "carrier_ip": "",
            "customer_owned_ip": "",
            "customer_owned_ipv4_pool": "",
            "domain": "vpc",
            "id": "eipalloc-0f553f06c229cd7bd",
            "instance": "i-0bce3a7e6488850f1",
            "network_border_group": "us-east-1",
            "network_interface": "eni-0e44017ef91aa8e96",
            "private_dns": "ip-10-0-101-131.ec2.internal",
            "private_ip": "10.0.101.131",
            "public_dns": "ec2-3-230-198-65.compute-1.amazonaws.com",
            "public_ip": "3.230.198.65",
            "public_ipv4_pool": "amazon",
            "tags": {
              "environment": "dev",
              "owners": "aws"
            },
            "tags_all": {
              "environment": "dev",
              "owners": "aws"
            },
            "timeouts": null,
            "vpc": true
          },
          "sensitive_attributes": [],
          "private": "eyJlMmJmYjczMC1lY2FhLTExZTYtOGY4OC0zNDM2M2JjN2M0YzAiOnsiZGVsZXRlIjoxODAwMDAwMDAwMDAsInJlYWQiOjkwMDAwMDAwMDAwMCwidXBkYXRlIjozMDAwMDAwMDAwMDB9fQ==",
          "dependencies": [
            "data.aws_ami.amazon_linux_ami",
            "data.aws_key_pair.example",
            "module.bastion_instance_sg.aws_security_group.this",
            "module.bastion_instance_sg.aws_security_group.this_name_prefix",
            "module.ec2_bastion_instance.aws_iam_instance_profile.this",
            "module.ec2_bastion_instance.aws_iam_role.this",
            "module.ec2_bastion_instance.aws_iam_role_policy_attachment.this",
            "module.ec2_bastion_instance.aws_instance.ignore_ami",
            "module.ec2_bastion_instance.aws_instance.this",
            "module.ec2_bastion_instance.aws_spot_instance_request.this",
            "module.ec2_bastion_instance.data.aws_iam_policy_document.assume_role_policy",
            "module.ec2_bastion_instance.data.aws_partition.current",
            "module.ec2_bastion_instance.data.aws_ssm_parameter.this",
            "module.vpc.aws_cloudwatch_log_group.flow_log",
            "module.vpc.aws_customer_gateway.this",
            "module.vpc.aws_db_subnet_group.database",
            "module.vpc.aws_default_network_acl.this",
            "module.vpc.aws_default_route_table.default",
            "module.vpc.aws_default_security_group.this",
            "module.vpc.aws_default_vpc.this",
            "module.vpc.aws_egress_only_internet_gateway.this",
            "module.vpc.aws_eip.nat",
            "module.vpc.aws_elasticache_subnet_group.elasticache",
            "module.vpc.aws_flow_log.this",
            "module.vpc.aws_iam_policy.vpc_flow_log_cloudwatch",
            "module.vpc.aws_iam_role.vpc_flow_log_cloudwatch",
            "module.vpc.aws_iam_role_policy_attachment.vpc_flow_log_cloudwatch",
            "module.vpc.aws_internet_gateway.this",
            "module.vpc.aws_nat_gateway.this",
            "module.vpc.aws_network_acl.database",
            "module.vpc.aws_network_acl.elasticache",
            "module.vpc.aws_network_acl.intra",
            "module.vpc.aws_network_acl.outpost",
            "module.vpc.aws_network_acl.private",
            "module.vpc.aws_network_acl.public",
            "module.vpc.aws_network_acl.redshift",
            "module.vpc.aws_network_acl_rule.database_inbound",
            "module.vpc.aws_network_acl_rule.database_outbound",
            "module.vpc.aws_network_acl_rule.elasticache_inbound",
            "module.vpc.aws_network_acl_rule.elasticache_outbound",
            "module.vpc.aws_network_acl_rule.intra_inbound",
            "module.vpc.aws_network_acl_rule.intra_outbound",
            "module.vpc.aws_network_acl_rule.outpost_inbound",
            "module.vpc.aws_network_acl_rule.outpost_outbound",
            "module.vpc.aws_network_acl_rule.private_inbound",
            "module.vpc.aws_network_acl_rule.private_outbound",
            "module.vpc.aws_network_acl_rule.public_inbound",
            "module.vpc.aws_network_acl_rule.public_outbound",
            "module.vpc.aws_network_acl_rule.redshift_inbound",
            "module.vpc.aws_network_acl_rule.redshift_outbound",
            "module.vpc.aws_redshift_subnet_group.redshift",
            "module.vpc.aws_route.database_dns64_nat_gateway",
            "module.vpc.aws_route.database_internet_gateway",
            "module.vpc.aws_route.database_ipv6_egress",
            "module.vpc.aws_route.database_nat_gateway",
            "module.vpc.aws_route.private_dns64_nat_gateway",
            "module.vpc.aws_route.private_ipv6_egress",
            "module.vpc.aws_route.private_nat_gateway",
            "module.vpc.aws_route.public_internet_gateway",
            "module.vpc.aws_route.public_internet_gateway_ipv6",
            "module.vpc.aws_route_table.database",
            "module.vpc.aws_route_table.elasticache",
            "module.vpc.aws_route_table.intra",
            "module.vpc.aws_route_table.private",
            "module.vpc.aws_route_table.public",
            "module.vpc.aws_route_table.redshift",
            "module.vpc.aws_route_table_association.database",
            "module.vpc.aws_route_table_association.elasticache",
            "module.vpc.aws_route_table_association.intra",
            "module.vpc.aws_route_table_association.outpost",
            "module.vpc.aws_route_table_association.private",
            "module.vpc.aws_route_table_association.public",
            "module.vpc.aws_route_table_association.redshift",
            "module.vpc.aws_route_table_association.redshift_public",
            "module.vpc.aws_subnet.database",
            "module.vpc.aws_subnet.elasticache",
            "module.vpc.aws_subnet.intra",
            "module.vpc.aws_subnet.outpost",
            "module.vpc.aws_subnet.private",
            "module.vpc.aws_subnet.public",
            "module.vpc.aws_subnet.redshift",
            "module.vpc.aws_vpc.this",
            "module.vpc.aws_vpc_dhcp_options.this",
            "module.vpc.aws_vpc_dhcp_options_association.this",
            "module.vpc.aws_vpc_ipv4_cidr_block_association.this",
            "module.vpc.aws_vpn_gateway.this",
            "module.vpc.aws_vpn_gateway_attachment.this",
            "module.vpc.aws_vpn_gateway_route_propagation.intra",
            "module.vpc.aws_vpn_gateway_route_propagation.private",
            "module.vpc.aws_vpn_gateway_route_propagation.public",
            "module.vpc.data.aws_iam_policy_document.flow_log_cloudwatch_assume_role",
            "module.vpc.data.aws_iam_policy_document.vpc_flow_log_cloudwatch"
          ]
        }
      ]
    },
    {
      "mode": "managed",
      "type": "aws_security_group",
      "name": "rds_sg",
      "provider": "provider[\"registry.terraform.io/hashicorp/aws\"]",
      "instances": [
        {
          "schema_version": 1,
          "attributes": {
            "arn": "arn:aws:ec2:us-east-1:075948657693:security-group/sg-012ae002f74731275",
            "description": "Managed by Terraform",
            "egress": [
              {
                "cidr_blocks": [
                  "0.0.0.0/0"
                ],
                "description": "",
                "from_port": 0,
                "ipv6_cidr_blocks": [],
                "prefix_list_ids": [],
                "protocol": "-1",
                "security_groups": [],
                "self": false,
                "to_port": 0
              }
            ],
            "id": "sg-012ae002f74731275",
            "ingress": [
              {
                "cidr_blocks": [
                  "0.0.0.0/0"
                ],
                "description": "",
                "from_port": 5432,
                "ipv6_cidr_blocks": [],
                "prefix_list_ids": [],
                "protocol": "tcp",
                "security_groups": [],
                "self": false,
                "to_port": 5432
              }
            ],
            "name": "rds_sg",
            "name_prefix": "",
            "owner_id": "075948657693",
            "revoke_rules_on_delete": false,
            "tags": null,
            "tags_all": {},
            "timeouts": null,
            "vpc_id": "vpc-0d29e4ae70561dfe9"
          },
          "sensitive_attributes": [],
          "private": "eyJlMmJmYjczMC1lY2FhLTExZTYtOGY4OC0zNDM2M2JjN2M0YzAiOnsiY3JlYXRlIjo2MDAwMDAwMDAwMDAsImRlbGV0ZSI6OTAwMDAwMDAwMDAwfSwic2NoZW1hX3ZlcnNpb24iOiIxIn0=",
          "dependencies": [
            "module.vpc.aws_vpc.this"
          ]
        }
      ]
    },
    {
      "module": "module.bastion_instance_sg",
      "mode": "managed",
      "type": "aws_security_group",
      "name": "this_name_prefix",
      "provider": "provider[\"registry.terraform.io/hashicorp/aws\"]",
      "instances": [
        {
          "index_key": 0,
          "schema_version": 1,
          "attributes": {
            "arn": "arn:aws:ec2:us-east-1:075948657693:security-group/sg-028b049af03765b9e",
            "description": "SSH port open, egress ports are all world open",
            "egress": [],
            "id": "sg-028b049af03765b9e",
            "ingress": [],
            "name": "bastion-instance-sg-aws-dev-20231031072144726200000001",
            "name_prefix": "bastion-instance-sg-aws-dev-",
            "owner_id": "075948657693",
            "revoke_rules_on_delete": false,
            "tags": {
              "Name": "bastion-instance-sg-aws-dev",
              "environment": "dev",
              "owners": "aws"
            },
            "tags_all": {
              "Name": "bastion-instance-sg-aws-dev",
              "environment": "dev",
              "owners": "aws"
            },
            "timeouts": {
              "create": "10m",
              "delete": "15m"
            },
            "vpc_id": "vpc-0d29e4ae70561dfe9"
          },
          "sensitive_attributes": [],
          "private": "eyJlMmJmYjczMC1lY2FhLTExZTYtOGY4OC0zNDM2M2JjN2M0YzAiOnsiY3JlYXRlIjo2MDAwMDAwMDAwMDAsImRlbGV0ZSI6OTAwMDAwMDAwMDAwfSwic2NoZW1hX3ZlcnNpb24iOiIxIn0=",
          "dependencies": [
            "module.vpc.aws_vpc.this"
          ],
          "create_before_destroy": true
        }
      ]
    },
    {
      "module": "module.bastion_instance_sg",
      "mode": "managed",
      "type": "aws_security_group_rule",
      "name": "egress_rules",
      "provider": "provider[\"registry.terraform.io/hashicorp/aws\"]",
      "instances": [
        {
          "index_key": 0,
          "schema_version": 2,
          "attributes": {
            "cidr_blocks": [
              "0.0.0.0/0"
            ],
            "description": "All protocols",
            "from_port": -1,
            "id": "sgrule-3914292530",
            "ipv6_cidr_blocks": [
              "::/0"
            ],
            "prefix_list_ids": [],
            "protocol": "-1",
            "security_group_id": "sg-028b049af03765b9e",
            "security_group_rule_id": "",
            "self": false,
            "source_security_group_id": null,
            "timeouts": null,
            "to_port": -1,
            "type": "egress"
          },
          "sensitive_attributes": [],
          "private": "eyJlMmJmYjczMC1lY2FhLTExZTYtOGY4OC0zNDM2M2JjN2M0YzAiOnsiY3JlYXRlIjozMDAwMDAwMDAwMDB9LCJzY2hlbWFfdmVyc2lvbiI6IjIifQ==",
          "dependencies": [
            "module.bastion_instance_sg.aws_security_group.this",
            "module.bastion_instance_sg.aws_security_group.this_name_prefix",
            "module.vpc.aws_vpc.this"
          ]
        }
      ]
    },
    {
      "module": "module.bastion_instance_sg",
      "mode": "managed",
      "type": "aws_security_group_rule",
      "name": "ingress_rules",
      "provider": "provider[\"registry.terraform.io/hashicorp/aws\"]",
      "instances": [
        {
          "index_key": 0,
          "schema_version": 2,
          "attributes": {
            "cidr_blocks": [
              "0.0.0.0/0"
            ],
            "description": "SSH",
            "from_port": 22,
            "id": "sgrule-70163669",
            "ipv6_cidr_blocks": [],
            "prefix_list_ids": [],
            "protocol": "tcp",
            "security_group_id": "sg-028b049af03765b9e",
            "security_group_rule_id": "sgr-0faa2bc30507bb3b7",
            "self": false,
            "source_security_group_id": null,
            "timeouts": null,
            "to_port": 22,
            "type": "ingress"
          },
          "sensitive_attributes": [],
          "private": "eyJlMmJmYjczMC1lY2FhLTExZTYtOGY4OC0zNDM2M2JjN2M0YzAiOnsiY3JlYXRlIjozMDAwMDAwMDAwMDB9LCJzY2hlbWFfdmVyc2lvbiI6IjIifQ==",
          "dependencies": [
            "module.bastion_instance_sg.aws_security_group.this",
            "module.bastion_instance_sg.aws_security_group.this_name_prefix",
            "module.vpc.aws_vpc.this"
          ]
        }
      ]
    },
    {
      "module": "module.ec2_bastion_instance",
      "mode": "data",
      "type": "aws_partition",
      "name": "current",
      "provider": "provider[\"registry.terraform.io/hashicorp/aws\"]",
      "instances": [
        {
          "schema_version": 0,
          "attributes": {
            "dns_suffix": "amazonaws.com",
            "id": "aws",
            "partition": "aws",
            "reverse_dns_prefix": "com.amazonaws"
          },
          "sensitive_attributes": []
        }
      ]
    },
    {
      "module": "module.ec2_bastion_instance",
      "mode": "data",
      "type": "aws_ssm_parameter",
      "name": "this",
      "provider": "provider[\"registry.terraform.io/hashicorp/aws\"]",
      "instances": [
        {
          "index_key": 0,
          "schema_version": 0,
          "attributes": {
            "arn": "arn:aws:ssm:us-east-1::parameter/aws/service/ami-amazon-linux-latest/amzn2-ami-hvm-x86_64-gp2",
            "id": "/aws/service/ami-amazon-linux-latest/amzn2-ami-hvm-x86_64-gp2",
            "insecure_value": "ami-0c9e929defa073d7d",
            "name": "/aws/service/ami-amazon-linux-latest/amzn2-ami-hvm-x86_64-gp2",
            "type": "String",
            "value": "ami-0c9e929defa073d7d",
            "version": 100,
            "with_decryption": true
          },
          "sensitive_attributes": []
        }
      ]
    },
    {
      "module": "module.ec2_bastion_instance",
      "mode": "managed",
      "type": "aws_instance",
      "name": "this",
      "provider": "provider[\"registry.terraform.io/hashicorp/aws\"]",
      "instances": [
        {
          "index_key": 0,
          "schema_version": 1,
          "attributes": {
            "ami": "ami-01eccbf80522b562b",
            "arn": "arn:aws:ec2:us-east-1:075948657693:instance/i-0bce3a7e6488850f1",
            "associate_public_ip_address": true,
            "availability_zone": "us-east-1a",
            "capacity_reservation_specification": [
              {
                "capacity_reservation_preference": "open",
                "capacity_reservation_target": []
              }
            ],
            "cpu_core_count": 1,
            "cpu_options": [
              {
                "amd_sev_snp": "",
                "core_count": 1,
                "threads_per_core": 2
              }
            ],
            "cpu_threads_per_core": 2,
            "credit_specification": [
              {
                "cpu_credits": "unlimited"
              }
            ],
            "disable_api_stop": false,
            "disable_api_termination": false,
            "ebs_block_device": [],
            "ebs_optimized": false,
            "enclave_options": [
              {
                "enabled": false
              }
            ],
            "ephemeral_block_device": [],
            "get_password_data": false,
            "hibernation": false,
            "host_id": "",
            "host_resource_group_arn": null,
            "iam_instance_profile": "",
            "id": "i-0bce3a7e6488850f1",
            "instance_initiated_shutdown_behavior": "stop",
            "instance_lifecycle": "",
            "instance_market_options": [],
            "instance_state": "running",
            "instance_type": "t3.micro",
            "ipv6_address_count": 0,
            "ipv6_addresses": [],
            "key_name": "seba-mac",
            "launch_template": [],
            "maintenance_options": [
              {
                "auto_recovery": "default"
              }
            ],
            "metadata_options": [
              {
                "http_endpoint": "enabled",
                "http_protocol_ipv6": "disabled",
                "http_put_response_hop_limit": 1,
                "http_tokens": "optional",
                "instance_metadata_tags": "disabled"
              }
            ],
            "monitoring": false,
            "network_interface": [],
            "outpost_arn": "",
            "password_data": "",
            "placement_group": "",
            "placement_partition_number": 0,
            "primary_network_interface_id": "eni-0e44017ef91aa8e96",
            "private_dns": "ip-10-0-101-131.ec2.internal",
            "private_dns_name_options": [
              {
                "enable_resource_name_dns_a_record": false,
                "enable_resource_name_dns_aaaa_record": false,
                "hostname_type": "ip-name"
              }
            ],
            "private_ip": "10.0.101.131",
            "public_dns": "ec2-54-209-250-120.compute-1.amazonaws.com",
            "public_ip": "54.209.250.120",
            "root_block_device": [
              {
                "delete_on_termination": true,
                "device_name": "/dev/xvda",
                "encrypted": false,
                "iops": 100,
                "kms_key_id": "",
                "tags": {},
                "throughput": 0,
                "volume_id": "vol-0c32e532905eb88e6",
                "volume_size": 8,
                "volume_type": "gp2"
              }
            ],
            "secondary_private_ips": [],
            "security_groups": [],
            "source_dest_check": true,
            "spot_instance_request_id": "",
            "subnet_id": "subnet-0d69bf95240ca662f",
            "tags": {
              "Name": "Bastion-Instance-aws-dev",
              "environment": "dev",
              "owners": "aws"
            },
            "tags_all": {
              "Name": "Bastion-Instance-aws-dev",
              "environment": "dev",
              "owners": "aws"
            },
            "tenancy": "default",
            "timeouts": {
              "create": null,
              "delete": null,
              "update": null
            },
            "user_data": null,
            "user_data_base64": null,
            "user_data_replace_on_change": false,
            "volume_tags": {
              "Name": "Bastion-Instance-aws-dev"
            },
            "vpc_security_group_ids": [
              "sg-028b049af03765b9e"
            ]
          },
          "sensitive_attributes": [],
          "private": "eyJlMmJmYjczMC1lY2FhLTExZTYtOGY4OC0zNDM2M2JjN2M0YzAiOnsiY3JlYXRlIjo2MDAwMDAwMDAwMDAsImRlbGV0ZSI6MTIwMDAwMDAwMDAwMCwidXBkYXRlIjo2MDAwMDAwMDAwMDB9LCJzY2hlbWFfdmVyc2lvbiI6IjEifQ==",
          "dependencies": [
            "data.aws_ami.amazon_linux_ami",
            "data.aws_key_pair.example",
            "module.bastion_instance_sg.aws_security_group.this",
            "module.bastion_instance_sg.aws_security_group.this_name_prefix",
            "module.ec2_bastion_instance.aws_iam_instance_profile.this",
            "module.ec2_bastion_instance.aws_iam_role.this",
            "module.ec2_bastion_instance.data.aws_iam_policy_document.assume_role_policy",
            "module.ec2_bastion_instance.data.aws_partition.current",
            "module.ec2_bastion_instance.data.aws_ssm_parameter.this",
            "module.vpc.aws_cloudwatch_log_group.flow_log",
            "module.vpc.aws_customer_gateway.this",
            "module.vpc.aws_db_subnet_group.database",
            "module.vpc.aws_default_network_acl.this",
            "module.vpc.aws_default_route_table.default",
            "module.vpc.aws_default_security_group.this",
            "module.vpc.aws_default_vpc.this",
            "module.vpc.aws_egress_only_internet_gateway.this",
            "module.vpc.aws_eip.nat",
            "module.vpc.aws_elasticache_subnet_group.elasticache",
            "module.vpc.aws_flow_log.this",
            "module.vpc.aws_iam_policy.vpc_flow_log_cloudwatch",
            "module.vpc.aws_iam_role.vpc_flow_log_cloudwatch",
            "module.vpc.aws_iam_role_policy_attachment.vpc_flow_log_cloudwatch",
            "module.vpc.aws_internet_gateway.this",
            "module.vpc.aws_nat_gateway.this",
            "module.vpc.aws_network_acl.database",
            "module.vpc.aws_network_acl.elasticache",
            "module.vpc.aws_network_acl.intra",
            "module.vpc.aws_network_acl.outpost",
            "module.vpc.aws_network_acl.private",
            "module.vpc.aws_network_acl.public",
            "module.vpc.aws_network_acl.redshift",
            "module.vpc.aws_network_acl_rule.database_inbound",
            "module.vpc.aws_network_acl_rule.database_outbound",
            "module.vpc.aws_network_acl_rule.elasticache_inbound",
            "module.vpc.aws_network_acl_rule.elasticache_outbound",
            "module.vpc.aws_network_acl_rule.intra_inbound",
            "module.vpc.aws_network_acl_rule.intra_outbound",
            "module.vpc.aws_network_acl_rule.outpost_inbound",
            "module.vpc.aws_network_acl_rule.outpost_outbound",
            "module.vpc.aws_network_acl_rule.private_inbound",
            "module.vpc.aws_network_acl_rule.private_outbound",
            "module.vpc.aws_network_acl_rule.public_inbound",
            "module.vpc.aws_network_acl_rule.public_outbound",
            "module.vpc.aws_network_acl_rule.redshift_inbound",
            "module.vpc.aws_network_acl_rule.redshift_outbound",
            "module.vpc.aws_redshift_subnet_group.redshift",
            "module.vpc.aws_route.database_dns64_nat_gateway",
            "module.vpc.aws_route.database_internet_gateway",
            "module.vpc.aws_route.database_ipv6_egress",
            "module.vpc.aws_route.database_nat_gateway",
            "module.vpc.aws_route.private_dns64_nat_gateway",
            "module.vpc.aws_route.private_ipv6_egress",
            "module.vpc.aws_route.private_nat_gateway",
            "module.vpc.aws_route.public_internet_gateway",
            "module.vpc.aws_route.public_internet_gateway_ipv6",
            "module.vpc.aws_route_table.database",
            "module.vpc.aws_route_table.elasticache",
            "module.vpc.aws_route_table.intra",
            "module.vpc.aws_route_table.private",
            "module.vpc.aws_route_table.public",
            "module.vpc.aws_route_table.redshift",
            "module.vpc.aws_route_table_association.database",
            "module.vpc.aws_route_table_association.elasticache",
            "module.vpc.aws_route_table_association.intra",
            "module.vpc.aws_route_table_association.outpost",
            "module.vpc.aws_route_table_association.private",
            "module.vpc.aws_route_table_association.public",
            "module.vpc.aws_route_table_association.redshift",
            "module.vpc.aws_route_table_association.redshift_public",
            "module.vpc.aws_subnet.database",
            "module.vpc.aws_subnet.elasticache",
            "module.vpc.aws_subnet.intra",
            "module.vpc.aws_subnet.outpost",
            "module.vpc.aws_subnet.private",
            "module.vpc.aws_subnet.public",
            "module.vpc.aws_subnet.redshift",
            "module.vpc.aws_vpc.this",
            "module.vpc.aws_vpc_dhcp_options.this",
            "module.vpc.aws_vpc_dhcp_options_association.this",
            "module.vpc.aws_vpc_ipv4_cidr_block_association.this",
            "module.vpc.aws_vpn_gateway.this",
            "module.vpc.aws_vpn_gateway_attachment.this",
            "module.vpc.aws_vpn_gateway_route_propagation.intra",
            "module.vpc.aws_vpn_gateway_route_propagation.private",
            "module.vpc.aws_vpn_gateway_route_propagation.public",
            "module.vpc.data.aws_iam_policy_document.flow_log_cloudwatch_assume_role",
            "module.vpc.data.aws_iam_policy_document.vpc_flow_log_cloudwatch"
          ]
        }
      ]
    },
    {
      "module": "module.vpc",
      "mode": "managed",
      "type": "aws_db_subnet_group",
      "name": "database",
      "provider": "provider[\"registry.terraform.io/hashicorp/aws\"]",
      "instances": [
        {
          "index_key": 0,
          "schema_version": 0,
          "attributes": {
            "arn": "arn:aws:rds:us-east-1:075948657693:subgrp:vpc-terraform-aws-dev",
            "description": "Database subnet group for vpc-terraform-aws-dev",
            "id": "vpc-terraform-aws-dev",
            "name": "vpc-terraform-aws-dev",
            "name_prefix": "",
            "subnet_ids": [
              "subnet-000c0026870c9867e",
              "subnet-04aab9ff67333c34e",
              "subnet-0906c8f6cb94c56bf"
            ],
            "supported_network_types": [
              "IPV4"
            ],
            "tags": {
              "Name": "vpc-terraform-aws-dev",
              "environment": "dev",
              "owners": "aws"
            },
            "tags_all": {
              "Name": "vpc-terraform-aws-dev",
              "environment": "dev",
              "owners": "aws"
            },
            "vpc_id": "vpc-0d29e4ae70561dfe9"
          },
          "sensitive_attributes": [],
          "private": "bnVsbA==",
          "dependencies": [
            "module.vpc.aws_subnet.database",
            "module.vpc.aws_vpc.this",
            "module.vpc.aws_vpc_ipv4_cidr_block_association.this"
          ]
        }
      ]
    },
    {
      "module": "module.vpc",
      "mode": "managed",
      "type": "aws_default_network_acl",
      "name": "this",
      "provider": "provider[\"registry.terraform.io/hashicorp/aws\"]",
      "instances": [
        {
          "index_key": 0,
          "schema_version": 0,
          "attributes": {
            "arn": "arn:aws:ec2:us-east-1:075948657693:network-acl/acl-0f284a1f4db44791e",
            "default_network_acl_id": "acl-0f284a1f4db44791e",
            "egress": [
              {
                "action": "allow",
                "cidr_block": "",
                "from_port": 0,
                "icmp_code": null,
                "icmp_type": null,
                "ipv6_cidr_block": "::/0",
                "protocol": "-1",
                "rule_no": 101,
                "to_port": 0
              },
              {
                "action": "allow",
                "cidr_block": "0.0.0.0/0",
                "from_port": 0,
                "icmp_code": null,
                "icmp_type": null,
                "ipv6_cidr_block": "",
                "protocol": "-1",
                "rule_no": 100,
                "to_port": 0
              }
            ],
            "id": "acl-0f284a1f4db44791e",
            "ingress": [
              {
                "action": "allow",
                "cidr_block": "",
                "from_port": 0,
                "icmp_code": null,
                "icmp_type": null,
                "ipv6_cidr_block": "::/0",
                "protocol": "-1",
                "rule_no": 101,
                "to_port": 0
              },
              {
                "action": "allow",
                "cidr_block": "0.0.0.0/0",
                "from_port": 0,
                "icmp_code": null,
                "icmp_type": null,
                "ipv6_cidr_block": "",
                "protocol": "-1",
                "rule_no": 100,
                "to_port": 0
              }
            ],
            "owner_id": "075948657693",
            "subnet_ids": [
              "subnet-000c0026870c9867e",
              "subnet-04aab9ff67333c34e",
              "subnet-07f5dd7fbc98905fa",
              "subnet-0906c8f6cb94c56bf",
              "subnet-0c64b133bd6c23635",
              "subnet-0cca0d769a9a4acd3",
              "subnet-0d5e6766df51494ae",
              "subnet-0d69bf95240ca662f",
              "subnet-0f133a6703fd4e6cc"
            ],
            "tags": {
              "Name": "vpc-terraform-aws-dev-default",
              "environment": "dev",
              "owners": "aws"
            },
            "tags_all": {
              "Name": "vpc-terraform-aws-dev-default",
              "environment": "dev",
              "owners": "aws"
            },
            "vpc_id": "vpc-0d29e4ae70561dfe9"
          },
          "sensitive_attributes": [],
          "private": "bnVsbA==",
          "dependencies": [
            "module.vpc.aws_vpc.this"
          ]
        }
      ]
    },
    {
      "module": "module.vpc",
      "mode": "managed",
      "type": "aws_default_route_table",
      "name": "default",
      "provider": "provider[\"registry.terraform.io/hashicorp/aws\"]",
      "instances": [
        {
          "index_key": 0,
          "schema_version": 0,
          "attributes": {
            "arn": "arn:aws:ec2:us-east-1:075948657693:route-table/rtb-04e522d2289828790",
            "default_route_table_id": "rtb-04e522d2289828790",
            "id": "rtb-04e522d2289828790",
            "owner_id": "075948657693",
            "propagating_vgws": null,
            "route": [],
            "tags": {
              "Name": "vpc-terraform-aws-dev-default",
              "environment": "dev",
              "owners": "aws"
            },
            "tags_all": {
              "Name": "vpc-terraform-aws-dev-default",
              "environment": "dev",
              "owners": "aws"
            },
            "timeouts": {
              "create": "5m",
              "update": "5m"
            },
            "vpc_id": "vpc-0d29e4ae70561dfe9"
          },
          "sensitive_attributes": [],
          "private": "eyJlMmJmYjczMC1lY2FhLTExZTYtOGY4OC0zNDM2M2JjN2M0YzAiOnsiY3JlYXRlIjozMDAwMDAwMDAwMDAsInVwZGF0ZSI6MzAwMDAwMDAwMDAwfX0=",
          "dependencies": [
            "module.vpc.aws_vpc.this"
          ]
        }
      ]
    },
    {
      "module": "module.vpc",
      "mode": "managed",
      "type": "aws_default_security_group",
      "name": "this",
      "provider": "provider[\"registry.terraform.io/hashicorp/aws\"]",
      "instances": [
        {
          "index_key": 0,
          "schema_version": 1,
          "attributes": {
            "arn": "arn:aws:ec2:us-east-1:075948657693:security-group/sg-073811edc3ac5b15a",
            "description": "default VPC security group",
            "egress": [],
            "id": "sg-073811edc3ac5b15a",
            "ingress": [],
            "name": "default",
            "name_prefix": "",
            "owner_id": "075948657693",
            "revoke_rules_on_delete": false,
            "tags": {
              "Name": "vpc-terraform-aws-dev-default",
              "environment": "dev",
              "owners": "aws"
            },
            "tags_all": {
              "Name": "vpc-terraform-aws-dev-default",
              "environment": "dev",
              "owners": "aws"
            },
            "vpc_id": "vpc-0d29e4ae70561dfe9"
          },
          "sensitive_attributes": [],
          "private": "eyJzY2hlbWFfdmVyc2lvbiI6IjEifQ==",
          "dependencies": [
            "module.vpc.aws_vpc.this"
          ]
        }
      ]
    },
    {
      "module": "module.vpc",
      "mode": "managed",
      "type": "aws_eip",
      "name": "nat",
      "provider": "provider[\"registry.terraform.io/hashicorp/aws\"]",
      "instances": [
        {
          "index_key": 0,
          "schema_version": 0,
          "attributes": {
            "address": null,
            "allocation_id": "eipalloc-081123ac8598ae846",
            "associate_with_private_ip": null,
            "association_id": "",
            "carrier_ip": "",
            "customer_owned_ip": "",
            "customer_owned_ipv4_pool": "",
            "domain": "vpc",
            "id": "eipalloc-081123ac8598ae846",
            "instance": "",
            "network_border_group": "us-east-1",
            "network_interface": "",
            "private_dns": null,
            "private_ip": "",
            "public_dns": "ec2-34-198-232-22.compute-1.amazonaws.com",
            "public_ip": "34.198.232.22",
            "public_ipv4_pool": "amazon",
            "tags": {
              "Name": "vpc-terraform-aws-dev-us-east-1a",
              "environment": "dev",
              "owners": "aws"
            },
            "tags_all": {
              "Name": "vpc-terraform-aws-dev-us-east-1a",
              "environment": "dev",
              "owners": "aws"
            },
            "timeouts": null,
            "vpc": true
          },
          "sensitive_attributes": [],
          "private": "eyJlMmJmYjczMC1lY2FhLTExZTYtOGY4OC0zNDM2M2JjN2M0YzAiOnsiZGVsZXRlIjoxODAwMDAwMDAwMDAsInJlYWQiOjkwMDAwMDAwMDAwMCwidXBkYXRlIjozMDAwMDAwMDAwMDB9fQ==",
          "dependencies": [
            "module.vpc.aws_internet_gateway.this",
            "module.vpc.aws_vpc.this",
            "module.vpc.aws_vpc_ipv4_cidr_block_association.this"
          ]
        }
      ]
    },
    {
      "module": "module.vpc",
      "mode": "managed",
      "type": "aws_internet_gateway",
      "name": "this",
      "provider": "provider[\"registry.terraform.io/hashicorp/aws\"]",
      "instances": [
        {
          "index_key": 0,
          "schema_version": 0,
          "attributes": {
            "arn": "arn:aws:ec2:us-east-1:075948657693:internet-gateway/igw-028e53fd47b7ca003",
            "id": "igw-028e53fd47b7ca003",
            "owner_id": "075948657693",
            "tags": {
              "Name": "vpc-terraform-aws-dev",
              "environment": "dev",
              "owners": "aws"
            },
            "tags_all": {
              "Name": "vpc-terraform-aws-dev",
              "environment": "dev",
              "owners": "aws"
            },
            "timeouts": null,
            "vpc_id": "vpc-0d29e4ae70561dfe9"
          },
          "sensitive_attributes": [],
          "private": "eyJlMmJmYjczMC1lY2FhLTExZTYtOGY4OC0zNDM2M2JjN2M0YzAiOnsiY3JlYXRlIjoxMjAwMDAwMDAwMDAwLCJkZWxldGUiOjEyMDAwMDAwMDAwMDAsInVwZGF0ZSI6MTIwMDAwMDAwMDAwMH19",
          "dependencies": [
            "module.vpc.aws_vpc.this",
            "module.vpc.aws_vpc_ipv4_cidr_block_association.this"
          ]
        }
      ]
    },
    {
      "module": "module.vpc",
      "mode": "managed",
      "type": "aws_nat_gateway",
      "name": "this",
      "provider": "provider[\"registry.terraform.io/hashicorp/aws\"]",
      "instances": [
        {
          "index_key": 0,
          "schema_version": 0,
          "attributes": {
            "allocation_id": "eipalloc-081123ac8598ae846",
            "association_id": "eipassoc-09b2aa4914a3f622f",
            "connectivity_type": "public",
            "id": "nat-0a5cbb419e92a9516",
            "network_interface_id": "eni-05fb8a1ee1c7463ac",
            "private_ip": "10.0.101.96",
            "public_ip": "34.198.232.22",
            "secondary_allocation_ids": null,
            "secondary_private_ip_address_count": 0,
            "secondary_private_ip_addresses": [],
            "subnet_id": "subnet-0d69bf95240ca662f",
            "tags": {
              "Name": "vpc-terraform-aws-dev-us-east-1a",
              "environment": "dev",
              "owners": "aws"
            },
            "tags_all": {
              "Name": "vpc-terraform-aws-dev-us-east-1a",
              "environment": "dev",
              "owners": "aws"
            },
            "timeouts": null
          },
          "sensitive_attributes": [],
          "private": "eyJlMmJmYjczMC1lY2FhLTExZTYtOGY4OC0zNDM2M2JjN2M0YzAiOnsiY3JlYXRlIjo2MDAwMDAwMDAwMDAsImRlbGV0ZSI6MTgwMDAwMDAwMDAwMCwidXBkYXRlIjo2MDAwMDAwMDAwMDB9fQ==",
          "dependencies": [
            "module.vpc.aws_eip.nat",
            "module.vpc.aws_internet_gateway.this",
            "module.vpc.aws_subnet.public",
            "module.vpc.aws_vpc.this",
            "module.vpc.aws_vpc_ipv4_cidr_block_association.this"
          ]
        }
      ]
    },
    {
      "module": "module.vpc",
      "mode": "managed",
      "type": "aws_route",
      "name": "private_nat_gateway",
      "provider": "provider[\"registry.terraform.io/hashicorp/aws\"]",
      "instances": [
        {
          "index_key": 0,
          "schema_version": 0,
          "attributes": {
            "carrier_gateway_id": "",
            "core_network_arn": "",
            "destination_cidr_block": "0.0.0.0/0",
            "destination_ipv6_cidr_block": "",
            "destination_prefix_list_id": "",
            "egress_only_gateway_id": "",
            "gateway_id": "",
            "id": "r-rtb-0ab83c2afa303bb541080289494",
            "instance_id": "",
            "instance_owner_id": "",
            "local_gateway_id": "",
            "nat_gateway_id": "nat-0a5cbb419e92a9516",
            "network_interface_id": "",
            "origin": "CreateRoute",
            "route_table_id": "rtb-0ab83c2afa303bb54",
            "state": "active",
            "timeouts": {
              "create": "5m",
              "delete": null,
              "update": null
            },
            "transit_gateway_id": "",
            "vpc_endpoint_id": "",
            "vpc_peering_connection_id": ""
          },
          "sensitive_attributes": [],
          "private": "eyJlMmJmYjczMC1lY2FhLTExZTYtOGY4OC0zNDM2M2JjN2M0YzAiOnsiY3JlYXRlIjozMDAwMDAwMDAwMDAsImRlbGV0ZSI6MzAwMDAwMDAwMDAwLCJ1cGRhdGUiOjEyMDAwMDAwMDAwMH19",
          "dependencies": [
            "module.vpc.aws_eip.nat",
            "module.vpc.aws_internet_gateway.this",
            "module.vpc.aws_nat_gateway.this",
            "module.vpc.aws_route_table.private",
            "module.vpc.aws_subnet.public",
            "module.vpc.aws_vpc.this",
            "module.vpc.aws_vpc_ipv4_cidr_block_association.this"
          ]
        }
      ]
    },
    {
      "module": "module.vpc",
      "mode": "managed",
      "type": "aws_route",
      "name": "public_internet_gateway",
      "provider": "provider[\"registry.terraform.io/hashicorp/aws\"]",
      "instances": [
        {
          "index_key": 0,
          "schema_version": 0,
          "attributes": {
            "carrier_gateway_id": "",
            "core_network_arn": "",
            "destination_cidr_block": "0.0.0.0/0",
            "destination_ipv6_cidr_block": "",
            "destination_prefix_list_id": "",
            "egress_only_gateway_id": "",
            "gateway_id": "igw-028e53fd47b7ca003",
            "id": "r-rtb-0df89144349cf5a031080289494",
            "instance_id": "",
            "instance_owner_id": "",
            "local_gateway_id": "",
            "nat_gateway_id": "",
            "network_interface_id": "",
            "origin": "CreateRoute",
            "route_table_id": "rtb-0df89144349cf5a03",
            "state": "active",
            "timeouts": {
              "create": "5m",
              "delete": null,
              "update": null
            },
            "transit_gateway_id": "",
            "vpc_endpoint_id": "",
            "vpc_peering_connection_id": ""
          },
          "sensitive_attributes": [],
          "private": "eyJlMmJmYjczMC1lY2FhLTExZTYtOGY4OC0zNDM2M2JjN2M0YzAiOnsiY3JlYXRlIjozMDAwMDAwMDAwMDAsImRlbGV0ZSI6MzAwMDAwMDAwMDAwLCJ1cGRhdGUiOjEyMDAwMDAwMDAwMH19",
          "dependencies": [
            "module.vpc.aws_internet_gateway.this",
            "module.vpc.aws_route_table.public",
            "module.vpc.aws_vpc.this",
            "module.vpc.aws_vpc_ipv4_cidr_block_association.this"
          ]
        }
      ]
    },
    {
      "module": "module.vpc",
      "mode": "managed",
      "type": "aws_route_table",
      "name": "database",
      "provider": "provider[\"registry.terraform.io/hashicorp/aws\"]",
      "instances": [
        {
          "index_key": 0,
          "schema_version": 0,
          "attributes": {
            "arn": "arn:aws:ec2:us-east-1:075948657693:route-table/rtb-091e3c5a33f6602f6",
            "id": "rtb-091e3c5a33f6602f6",
            "owner_id": "075948657693",
            "propagating_vgws": [],
            "route": [],
            "tags": {
              "Name": "vpc-terraform-aws-dev-db",
              "environment": "dev",
              "owners": "aws"
            },
            "tags_all": {
              "Name": "vpc-terraform-aws-dev-db",
              "environment": "dev",
              "owners": "aws"
            },
            "timeouts": null,
            "vpc_id": "vpc-0d29e4ae70561dfe9"
          },
          "sensitive_attributes": [],
          "private": "eyJlMmJmYjczMC1lY2FhLTExZTYtOGY4OC0zNDM2M2JjN2M0YzAiOnsiY3JlYXRlIjozMDAwMDAwMDAwMDAsImRlbGV0ZSI6MzAwMDAwMDAwMDAwLCJ1cGRhdGUiOjEyMDAwMDAwMDAwMH19",
          "dependencies": [
            "module.vpc.aws_vpc.this",
            "module.vpc.aws_vpc_ipv4_cidr_block_association.this"
          ]
        }
      ]
    },
    {
      "module": "module.vpc",
      "mode": "managed",
      "type": "aws_route_table",
      "name": "private",
      "provider": "provider[\"registry.terraform.io/hashicorp/aws\"]",
      "instances": [
        {
          "index_key": 0,
          "schema_version": 0,
          "attributes": {
            "arn": "arn:aws:ec2:us-east-1:075948657693:route-table/rtb-0ab83c2afa303bb54",
            "id": "rtb-0ab83c2afa303bb54",
            "owner_id": "075948657693",
            "propagating_vgws": [],
            "route": [],
            "tags": {
              "Name": "vpc-terraform-aws-dev-private",
              "environment": "dev",
              "owners": "aws"
            },
            "tags_all": {
              "Name": "vpc-terraform-aws-dev-private",
              "environment": "dev",
              "owners": "aws"
            },
            "timeouts": null,
            "vpc_id": "vpc-0d29e4ae70561dfe9"
          },
          "sensitive_attributes": [],
          "private": "eyJlMmJmYjczMC1lY2FhLTExZTYtOGY4OC0zNDM2M2JjN2M0YzAiOnsiY3JlYXRlIjozMDAwMDAwMDAwMDAsImRlbGV0ZSI6MzAwMDAwMDAwMDAwLCJ1cGRhdGUiOjEyMDAwMDAwMDAwMH19",
          "dependencies": [
            "module.vpc.aws_vpc.this",
            "module.vpc.aws_vpc_ipv4_cidr_block_association.this"
          ]
        }
      ]
    },
    {
      "module": "module.vpc",
      "mode": "managed",
      "type": "aws_route_table",
      "name": "public",
      "provider": "provider[\"registry.terraform.io/hashicorp/aws\"]",
      "instances": [
        {
          "index_key": 0,
          "schema_version": 0,
          "attributes": {
            "arn": "arn:aws:ec2:us-east-1:075948657693:route-table/rtb-0df89144349cf5a03",
            "id": "rtb-0df89144349cf5a03",
            "owner_id": "075948657693",
            "propagating_vgws": [],
            "route": [],
            "tags": {
              "Name": "vpc-terraform-aws-dev-public",
              "environment": "dev",
              "owners": "aws"
            },
            "tags_all": {
              "Name": "vpc-terraform-aws-dev-public",
              "environment": "dev",
              "owners": "aws"
            },
            "timeouts": null,
            "vpc_id": "vpc-0d29e4ae70561dfe9"
          },
          "sensitive_attributes": [],
          "private": "eyJlMmJmYjczMC1lY2FhLTExZTYtOGY4OC0zNDM2M2JjN2M0YzAiOnsiY3JlYXRlIjozMDAwMDAwMDAwMDAsImRlbGV0ZSI6MzAwMDAwMDAwMDAwLCJ1cGRhdGUiOjEyMDAwMDAwMDAwMH19",
          "dependencies": [
            "module.vpc.aws_vpc.this",
            "module.vpc.aws_vpc_ipv4_cidr_block_association.this"
          ]
        }
      ]
    },
    {
      "module": "module.vpc",
      "mode": "managed",
      "type": "aws_route_table_association",
      "name": "database",
      "provider": "provider[\"registry.terraform.io/hashicorp/aws\"]",
      "instances": [
        {
          "index_key": 0,
          "schema_version": 0,
          "attributes": {
            "gateway_id": "",
            "id": "rtbassoc-0e8dc4acaaee416cb",
            "route_table_id": "rtb-091e3c5a33f6602f6",
            "subnet_id": "subnet-0906c8f6cb94c56bf",
            "timeouts": null
          },
          "sensitive_attributes": [],
          "private": "eyJlMmJmYjczMC1lY2FhLTExZTYtOGY4OC0zNDM2M2JjN2M0YzAiOnsiY3JlYXRlIjozMDAwMDAwMDAwMDAsImRlbGV0ZSI6MzAwMDAwMDAwMDAwLCJ1cGRhdGUiOjEyMDAwMDAwMDAwMH19",
          "dependencies": [
            "module.vpc.aws_route_table.database",
            "module.vpc.aws_route_table.private",
            "module.vpc.aws_subnet.database",
            "module.vpc.aws_vpc.this",
            "module.vpc.aws_vpc_ipv4_cidr_block_association.this"
          ]
        },
        {
          "index_key": 1,
          "schema_version": 0,
          "attributes": {
            "gateway_id": "",
            "id": "rtbassoc-0b0208f66882d3e3b",
            "route_table_id": "rtb-091e3c5a33f6602f6",
            "subnet_id": "subnet-04aab9ff67333c34e",
            "timeouts": null
          },
          "sensitive_attributes": [],
          "private": "eyJlMmJmYjczMC1lY2FhLTExZTYtOGY4OC0zNDM2M2JjN2M0YzAiOnsiY3JlYXRlIjozMDAwMDAwMDAwMDAsImRlbGV0ZSI6MzAwMDAwMDAwMDAwLCJ1cGRhdGUiOjEyMDAwMDAwMDAwMH19",
          "dependencies": [
            "module.vpc.aws_route_table.database",
            "module.vpc.aws_route_table.private",
            "module.vpc.aws_subnet.database",
            "module.vpc.aws_vpc.this",
            "module.vpc.aws_vpc_ipv4_cidr_block_association.this"
          ]
        },
        {
          "index_key": 2,
          "schema_version": 0,
          "attributes": {
            "gateway_id": "",
            "id": "rtbassoc-090831247aa75c96c",
            "route_table_id": "rtb-091e3c5a33f6602f6",
            "subnet_id": "subnet-000c0026870c9867e",
            "timeouts": null
          },
          "sensitive_attributes": [],
          "private": "eyJlMmJmYjczMC1lY2FhLTExZTYtOGY4OC0zNDM2M2JjN2M0YzAiOnsiY3JlYXRlIjozMDAwMDAwMDAwMDAsImRlbGV0ZSI6MzAwMDAwMDAwMDAwLCJ1cGRhdGUiOjEyMDAwMDAwMDAwMH19",
          "dependencies": [
            "module.vpc.aws_route_table.database",
            "module.vpc.aws_route_table.private",
            "module.vpc.aws_subnet.database",
            "module.vpc.aws_vpc.this",
            "module.vpc.aws_vpc_ipv4_cidr_block_association.this"
          ]
        }
      ]
    },
    {
      "module": "module.vpc",
      "mode": "managed",
      "type": "aws_route_table_association",
      "name": "private",
      "provider": "provider[\"registry.terraform.io/hashicorp/aws\"]",
      "instances": [
        {
          "index_key": 0,
          "schema_version": 0,
          "attributes": {
            "gateway_id": "",
            "id": "rtbassoc-07fba7d975f8ef934",
            "route_table_id": "rtb-0ab83c2afa303bb54",
            "subnet_id": "subnet-0cca0d769a9a4acd3",
            "timeouts": null
          },
          "sensitive_attributes": [],
          "private": "eyJlMmJmYjczMC1lY2FhLTExZTYtOGY4OC0zNDM2M2JjN2M0YzAiOnsiY3JlYXRlIjozMDAwMDAwMDAwMDAsImRlbGV0ZSI6MzAwMDAwMDAwMDAwLCJ1cGRhdGUiOjEyMDAwMDAwMDAwMH19",
          "dependencies": [
            "module.vpc.aws_route_table.private",
            "module.vpc.aws_subnet.private",
            "module.vpc.aws_vpc.this",
            "module.vpc.aws_vpc_ipv4_cidr_block_association.this"
          ]
        },
        {
          "index_key": 1,
          "schema_version": 0,
          "attributes": {
            "gateway_id": "",
            "id": "rtbassoc-0aedc3b23589660ec",
            "route_table_id": "rtb-0ab83c2afa303bb54",
            "subnet_id": "subnet-0f133a6703fd4e6cc",
            "timeouts": null
          },
          "sensitive_attributes": [],
          "private": "eyJlMmJmYjczMC1lY2FhLTExZTYtOGY4OC0zNDM2M2JjN2M0YzAiOnsiY3JlYXRlIjozMDAwMDAwMDAwMDAsImRlbGV0ZSI6MzAwMDAwMDAwMDAwLCJ1cGRhdGUiOjEyMDAwMDAwMDAwMH19",
          "dependencies": [
            "module.vpc.aws_route_table.private",
            "module.vpc.aws_subnet.private",
            "module.vpc.aws_vpc.this",
            "module.vpc.aws_vpc_ipv4_cidr_block_association.this"
          ]
        },
        {
          "index_key": 2,
          "schema_version": 0,
          "attributes": {
            "gateway_id": "",
            "id": "rtbassoc-0d8d5f5247d4602ad",
            "route_table_id": "rtb-0ab83c2afa303bb54",
            "subnet_id": "subnet-0d5e6766df51494ae",
            "timeouts": null
          },
          "sensitive_attributes": [],
          "private": "eyJlMmJmYjczMC1lY2FhLTExZTYtOGY4OC0zNDM2M2JjN2M0YzAiOnsiY3JlYXRlIjozMDAwMDAwMDAwMDAsImRlbGV0ZSI6MzAwMDAwMDAwMDAwLCJ1cGRhdGUiOjEyMDAwMDAwMDAwMH19",
          "dependencies": [
            "module.vpc.aws_route_table.private",
            "module.vpc.aws_subnet.private",
            "module.vpc.aws_vpc.this",
            "module.vpc.aws_vpc_ipv4_cidr_block_association.this"
          ]
        }
      ]
    },
    {
      "module": "module.vpc",
      "mode": "managed",
      "type": "aws_route_table_association",
      "name": "public",
      "provider": "provider[\"registry.terraform.io/hashicorp/aws\"]",
      "instances": [
        {
          "index_key": 0,
          "schema_version": 0,
          "attributes": {
            "gateway_id": "",
            "id": "rtbassoc-06cbdadf312d23bfc",
            "route_table_id": "rtb-0df89144349cf5a03",
            "subnet_id": "subnet-0d69bf95240ca662f",
            "timeouts": null
          },
          "sensitive_attributes": [],
          "private": "eyJlMmJmYjczMC1lY2FhLTExZTYtOGY4OC0zNDM2M2JjN2M0YzAiOnsiY3JlYXRlIjozMDAwMDAwMDAwMDAsImRlbGV0ZSI6MzAwMDAwMDAwMDAwLCJ1cGRhdGUiOjEyMDAwMDAwMDAwMH19",
          "dependencies": [
            "module.vpc.aws_route_table.public",
            "module.vpc.aws_subnet.public",
            "module.vpc.aws_vpc.this",
            "module.vpc.aws_vpc_ipv4_cidr_block_association.this"
          ]
        },
        {
          "index_key": 1,
          "schema_version": 0,
          "attributes": {
            "gateway_id": "",
            "id": "rtbassoc-0b28774c4a41ab3b2",
            "route_table_id": "rtb-0df89144349cf5a03",
            "subnet_id": "subnet-0c64b133bd6c23635",
            "timeouts": null
          },
          "sensitive_attributes": [],
          "private": "eyJlMmJmYjczMC1lY2FhLTExZTYtOGY4OC0zNDM2M2JjN2M0YzAiOnsiY3JlYXRlIjozMDAwMDAwMDAwMDAsImRlbGV0ZSI6MzAwMDAwMDAwMDAwLCJ1cGRhdGUiOjEyMDAwMDAwMDAwMH19",
          "dependencies": [
            "module.vpc.aws_route_table.public",
            "module.vpc.aws_subnet.public",
            "module.vpc.aws_vpc.this",
            "module.vpc.aws_vpc_ipv4_cidr_block_association.this"
          ]
        },
        {
          "index_key": 2,
          "schema_version": 0,
          "attributes": {
            "gateway_id": "",
            "id": "rtbassoc-09c9b9945849ccc3b",
            "route_table_id": "rtb-0df89144349cf5a03",
            "subnet_id": "subnet-07f5dd7fbc98905fa",
            "timeouts": null
          },
          "sensitive_attributes": [],
          "private": "eyJlMmJmYjczMC1lY2FhLTExZTYtOGY4OC0zNDM2M2JjN2M0YzAiOnsiY3JlYXRlIjozMDAwMDAwMDAwMDAsImRlbGV0ZSI6MzAwMDAwMDAwMDAwLCJ1cGRhdGUiOjEyMDAwMDAwMDAwMH19",
          "dependencies": [
            "module.vpc.aws_route_table.public",
            "module.vpc.aws_subnet.public",
            "module.vpc.aws_vpc.this",
            "module.vpc.aws_vpc_ipv4_cidr_block_association.this"
          ]
        }
      ]
    },
    {
      "module": "module.vpc",
      "mode": "managed",
      "type": "aws_subnet",
      "name": "database",
      "provider": "provider[\"registry.terraform.io/hashicorp/aws\"]",
      "instances": [
        {
          "index_key": 0,
          "schema_version": 1,
          "attributes": {
            "arn": "arn:aws:ec2:us-east-1:075948657693:subnet/subnet-0906c8f6cb94c56bf",
            "assign_ipv6_address_on_creation": false,
            "availability_zone": "us-east-1a",
            "availability_zone_id": "use1-az6",
            "cidr_block": "10.0.151.0/24",
            "customer_owned_ipv4_pool": "",
            "enable_dns64": false,
            "enable_lni_at_device_index": 0,
            "enable_resource_name_dns_a_record_on_launch": false,
            "enable_resource_name_dns_aaaa_record_on_launch": false,
            "id": "subnet-0906c8f6cb94c56bf",
            "ipv6_cidr_block": "",
            "ipv6_cidr_block_association_id": "",
            "ipv6_native": false,
            "map_customer_owned_ip_on_launch": false,
            "map_public_ip_on_launch": false,
            "outpost_arn": "",
            "owner_id": "075948657693",
            "private_dns_hostname_type_on_launch": "ip-name",
            "tags": {
              "Name": "VPC Private Database Subnets",
              "environment": "dev",
              "owners": "aws"
            },
            "tags_all": {
              "Name": "VPC Private Database Subnets",
              "environment": "dev",
              "owners": "aws"
            },
            "timeouts": null,
            "vpc_id": "vpc-0d29e4ae70561dfe9"
          },
          "sensitive_attributes": [],
          "private": "eyJlMmJmYjczMC1lY2FhLTExZTYtOGY4OC0zNDM2M2JjN2M0YzAiOnsiY3JlYXRlIjo2MDAwMDAwMDAwMDAsImRlbGV0ZSI6MTIwMDAwMDAwMDAwMH0sInNjaGVtYV92ZXJzaW9uIjoiMSJ9",
          "dependencies": [
            "module.vpc.aws_vpc.this",
            "module.vpc.aws_vpc_ipv4_cidr_block_association.this"
          ]
        },
        {
          "index_key": 1,
          "schema_version": 1,
          "attributes": {
            "arn": "arn:aws:ec2:us-east-1:075948657693:subnet/subnet-04aab9ff67333c34e",
            "assign_ipv6_address_on_creation": false,
            "availability_zone": "us-east-1b",
            "availability_zone_id": "use1-az1",
            "cidr_block": "10.0.152.0/24",
            "customer_owned_ipv4_pool": "",
            "enable_dns64": false,
            "enable_lni_at_device_index": 0,
            "enable_resource_name_dns_a_record_on_launch": false,
            "enable_resource_name_dns_aaaa_record_on_launch": false,
            "id": "subnet-04aab9ff67333c34e",
            "ipv6_cidr_block": "",
            "ipv6_cidr_block_association_id": "",
            "ipv6_native": false,
            "map_customer_owned_ip_on_launch": false,
            "map_public_ip_on_launch": false,
            "outpost_arn": "",
            "owner_id": "075948657693",
            "private_dns_hostname_type_on_launch": "ip-name",
            "tags": {
              "Name": "VPC Private Database Subnets",
              "environment": "dev",
              "owners": "aws"
            },
            "tags_all": {
              "Name": "VPC Private Database Subnets",
              "environment": "dev",
              "owners": "aws"
            },
            "timeouts": null,
            "vpc_id": "vpc-0d29e4ae70561dfe9"
          },
          "sensitive_attributes": [],
          "private": "eyJlMmJmYjczMC1lY2FhLTExZTYtOGY4OC0zNDM2M2JjN2M0YzAiOnsiY3JlYXRlIjo2MDAwMDAwMDAwMDAsImRlbGV0ZSI6MTIwMDAwMDAwMDAwMH0sInNjaGVtYV92ZXJzaW9uIjoiMSJ9",
          "dependencies": [
            "module.vpc.aws_vpc.this",
            "module.vpc.aws_vpc_ipv4_cidr_block_association.this"
          ]
        },
        {
          "index_key": 2,
          "schema_version": 1,
          "attributes": {
            "arn": "arn:aws:ec2:us-east-1:075948657693:subnet/subnet-000c0026870c9867e",
            "assign_ipv6_address_on_creation": false,
            "availability_zone": "us-east-1c",
            "availability_zone_id": "use1-az2",
            "cidr_block": "10.0.153.0/24",
            "customer_owned_ipv4_pool": "",
            "enable_dns64": false,
            "enable_lni_at_device_index": 0,
            "enable_resource_name_dns_a_record_on_launch": false,
            "enable_resource_name_dns_aaaa_record_on_launch": false,
            "id": "subnet-000c0026870c9867e",
            "ipv6_cidr_block": "",
            "ipv6_cidr_block_association_id": "",
            "ipv6_native": false,
            "map_customer_owned_ip_on_launch": false,
            "map_public_ip_on_launch": false,
            "outpost_arn": "",
            "owner_id": "075948657693",
            "private_dns_hostname_type_on_launch": "ip-name",
            "tags": {
              "Name": "VPC Private Database Subnets",
              "environment": "dev",
              "owners": "aws"
            },
            "tags_all": {
              "Name": "VPC Private Database Subnets",
              "environment": "dev",
              "owners": "aws"
            },
            "timeouts": null,
            "vpc_id": "vpc-0d29e4ae70561dfe9"
          },
          "sensitive_attributes": [],
          "private": "eyJlMmJmYjczMC1lY2FhLTExZTYtOGY4OC0zNDM2M2JjN2M0YzAiOnsiY3JlYXRlIjo2MDAwMDAwMDAwMDAsImRlbGV0ZSI6MTIwMDAwMDAwMDAwMH0sInNjaGVtYV92ZXJzaW9uIjoiMSJ9",
          "dependencies": [
            "module.vpc.aws_vpc.this",
            "module.vpc.aws_vpc_ipv4_cidr_block_association.this"
          ]
        }
      ]
    },
    {
      "module": "module.vpc",
      "mode": "managed",
      "type": "aws_subnet",
      "name": "private",
      "provider": "provider[\"registry.terraform.io/hashicorp/aws\"]",
      "instances": [
        {
          "index_key": 0,
          "schema_version": 1,
          "attributes": {
            "arn": "arn:aws:ec2:us-east-1:075948657693:subnet/subnet-0cca0d769a9a4acd3",
            "assign_ipv6_address_on_creation": false,
            "availability_zone": "us-east-1a",
            "availability_zone_id": "use1-az6",
            "cidr_block": "10.0.1.0/24",
            "customer_owned_ipv4_pool": "",
            "enable_dns64": false,
            "enable_lni_at_device_index": 0,
            "enable_resource_name_dns_a_record_on_launch": false,
            "enable_resource_name_dns_aaaa_record_on_launch": false,
            "id": "subnet-0cca0d769a9a4acd3",
            "ipv6_cidr_block": "",
            "ipv6_cidr_block_association_id": "",
            "ipv6_native": false,
            "map_customer_owned_ip_on_launch": false,
            "map_public_ip_on_launch": false,
            "outpost_arn": "",
            "owner_id": "075948657693",
            "private_dns_hostname_type_on_launch": "ip-name",
            "tags": {
              "Name": "VPC Private Subnets",
              "environment": "dev",
              "owners": "aws"
            },
            "tags_all": {
              "Name": "VPC Private Subnets",
              "environment": "dev",
              "owners": "aws"
            },
            "timeouts": null,
            "vpc_id": "vpc-0d29e4ae70561dfe9"
          },
          "sensitive_attributes": [],
          "private": "eyJlMmJmYjczMC1lY2FhLTExZTYtOGY4OC0zNDM2M2JjN2M0YzAiOnsiY3JlYXRlIjo2MDAwMDAwMDAwMDAsImRlbGV0ZSI6MTIwMDAwMDAwMDAwMH0sInNjaGVtYV92ZXJzaW9uIjoiMSJ9",
          "dependencies": [
            "module.vpc.aws_vpc.this",
            "module.vpc.aws_vpc_ipv4_cidr_block_association.this"
          ]
        },
        {
          "index_key": 1,
          "schema_version": 1,
          "attributes": {
            "arn": "arn:aws:ec2:us-east-1:075948657693:subnet/subnet-0f133a6703fd4e6cc",
            "assign_ipv6_address_on_creation": false,
            "availability_zone": "us-east-1b",
            "availability_zone_id": "use1-az1",
            "cidr_block": "10.0.2.0/24",
            "customer_owned_ipv4_pool": "",
            "enable_dns64": false,
            "enable_lni_at_device_index": 0,
            "enable_resource_name_dns_a_record_on_launch": false,
            "enable_resource_name_dns_aaaa_record_on_launch": false,
            "id": "subnet-0f133a6703fd4e6cc",
            "ipv6_cidr_block": "",
            "ipv6_cidr_block_association_id": "",
            "ipv6_native": false,
            "map_customer_owned_ip_on_launch": false,
            "map_public_ip_on_launch": false,
            "outpost_arn": "",
            "owner_id": "075948657693",
            "private_dns_hostname_type_on_launch": "ip-name",
            "tags": {
              "Name": "VPC Private Subnets",
              "environment": "dev",
              "owners": "aws"
            },
            "tags_all": {
              "Name": "VPC Private Subnets",
              "environment": "dev",
              "owners": "aws"
            },
            "timeouts": null,
            "vpc_id": "vpc-0d29e4ae70561dfe9"
          },
          "sensitive_attributes": [],
          "private": "eyJlMmJmYjczMC1lY2FhLTExZTYtOGY4OC0zNDM2M2JjN2M0YzAiOnsiY3JlYXRlIjo2MDAwMDAwMDAwMDAsImRlbGV0ZSI6MTIwMDAwMDAwMDAwMH0sInNjaGVtYV92ZXJzaW9uIjoiMSJ9",
          "dependencies": [
            "module.vpc.aws_vpc.this",
            "module.vpc.aws_vpc_ipv4_cidr_block_association.this"
          ]
        },
        {
          "index_key": 2,
          "schema_version": 1,
          "attributes": {
            "arn": "arn:aws:ec2:us-east-1:075948657693:subnet/subnet-0d5e6766df51494ae",
            "assign_ipv6_address_on_creation": false,
            "availability_zone": "us-east-1c",
            "availability_zone_id": "use1-az2",
            "cidr_block": "10.0.3.0/24",
            "customer_owned_ipv4_pool": "",
            "enable_dns64": false,
            "enable_lni_at_device_index": 0,
            "enable_resource_name_dns_a_record_on_launch": false,
            "enable_resource_name_dns_aaaa_record_on_launch": false,
            "id": "subnet-0d5e6766df51494ae",
            "ipv6_cidr_block": "",
            "ipv6_cidr_block_association_id": "",
            "ipv6_native": false,
            "map_customer_owned_ip_on_launch": false,
            "map_public_ip_on_launch": false,
            "outpost_arn": "",
            "owner_id": "075948657693",
            "private_dns_hostname_type_on_launch": "ip-name",
            "tags": {
              "Name": "VPC Private Subnets",
              "environment": "dev",
              "owners": "aws"
            },
            "tags_all": {
              "Name": "VPC Private Subnets",
              "environment": "dev",
              "owners": "aws"
            },
            "timeouts": null,
            "vpc_id": "vpc-0d29e4ae70561dfe9"
          },
          "sensitive_attributes": [],
          "private": "eyJlMmJmYjczMC1lY2FhLTExZTYtOGY4OC0zNDM2M2JjN2M0YzAiOnsiY3JlYXRlIjo2MDAwMDAwMDAwMDAsImRlbGV0ZSI6MTIwMDAwMDAwMDAwMH0sInNjaGVtYV92ZXJzaW9uIjoiMSJ9",
          "dependencies": [
            "module.vpc.aws_vpc.this",
            "module.vpc.aws_vpc_ipv4_cidr_block_association.this"
          ]
        }
      ]
    },
    {
      "module": "module.vpc",
      "mode": "managed",
      "type": "aws_subnet",
      "name": "public",
      "provider": "provider[\"registry.terraform.io/hashicorp/aws\"]",
      "instances": [
        {
          "index_key": 0,
          "schema_version": 1,
          "attributes": {
            "arn": "arn:aws:ec2:us-east-1:075948657693:subnet/subnet-0d69bf95240ca662f",
            "assign_ipv6_address_on_creation": false,
            "availability_zone": "us-east-1a",
            "availability_zone_id": "use1-az6",
            "cidr_block": "10.0.101.0/24",
            "customer_owned_ipv4_pool": "",
            "enable_dns64": false,
            "enable_lni_at_device_index": 0,
            "enable_resource_name_dns_a_record_on_launch": false,
            "enable_resource_name_dns_aaaa_record_on_launch": false,
            "id": "subnet-0d69bf95240ca662f",
            "ipv6_cidr_block": "",
            "ipv6_cidr_block_association_id": "",
            "ipv6_native": false,
            "map_customer_owned_ip_on_launch": false,
            "map_public_ip_on_launch": true,
            "outpost_arn": "",
            "owner_id": "075948657693",
            "private_dns_hostname_type_on_launch": "ip-name",
            "tags": {
              "Name": "VPC Public Subnets",
              "environment": "dev",
              "owners": "aws"
            },
            "tags_all": {
              "Name": "VPC Public Subnets",
              "environment": "dev",
              "owners": "aws"
            },
            "timeouts": null,
            "vpc_id": "vpc-0d29e4ae70561dfe9"
          },
          "sensitive_attributes": [],
          "private": "eyJlMmJmYjczMC1lY2FhLTExZTYtOGY4OC0zNDM2M2JjN2M0YzAiOnsiY3JlYXRlIjo2MDAwMDAwMDAwMDAsImRlbGV0ZSI6MTIwMDAwMDAwMDAwMH0sInNjaGVtYV92ZXJzaW9uIjoiMSJ9",
          "dependencies": [
            "module.vpc.aws_vpc.this",
            "module.vpc.aws_vpc_ipv4_cidr_block_association.this"
          ]
        },
        {
          "index_key": 1,
          "schema_version": 1,
          "attributes": {
            "arn": "arn:aws:ec2:us-east-1:075948657693:subnet/subnet-0c64b133bd6c23635",
            "assign_ipv6_address_on_creation": false,
            "availability_zone": "us-east-1b",
            "availability_zone_id": "use1-az1",
            "cidr_block": "10.0.102.0/24",
            "customer_owned_ipv4_pool": "",
            "enable_dns64": false,
            "enable_lni_at_device_index": 0,
            "enable_resource_name_dns_a_record_on_launch": false,
            "enable_resource_name_dns_aaaa_record_on_launch": false,
            "id": "subnet-0c64b133bd6c23635",
            "ipv6_cidr_block": "",
            "ipv6_cidr_block_association_id": "",
            "ipv6_native": false,
            "map_customer_owned_ip_on_launch": false,
            "map_public_ip_on_launch": true,
            "outpost_arn": "",
            "owner_id": "075948657693",
            "private_dns_hostname_type_on_launch": "ip-name",
            "tags": {
              "Name": "VPC Public Subnets",
              "environment": "dev",
              "owners": "aws"
            },
            "tags_all": {
              "Name": "VPC Public Subnets",
              "environment": "dev",
              "owners": "aws"
            },
            "timeouts": null,
            "vpc_id": "vpc-0d29e4ae70561dfe9"
          },
          "sensitive_attributes": [],
          "private": "eyJlMmJmYjczMC1lY2FhLTExZTYtOGY4OC0zNDM2M2JjN2M0YzAiOnsiY3JlYXRlIjo2MDAwMDAwMDAwMDAsImRlbGV0ZSI6MTIwMDAwMDAwMDAwMH0sInNjaGVtYV92ZXJzaW9uIjoiMSJ9",
          "dependencies": [
            "module.vpc.aws_vpc.this",
            "module.vpc.aws_vpc_ipv4_cidr_block_association.this"
          ]
        },
        {
          "index_key": 2,
          "schema_version": 1,
          "attributes": {
            "arn": "arn:aws:ec2:us-east-1:075948657693:subnet/subnet-07f5dd7fbc98905fa",
            "assign_ipv6_address_on_creation": false,
            "availability_zone": "us-east-1c",
            "availability_zone_id": "use1-az2",
            "cidr_block": "10.0.103.0/24",
            "customer_owned_ipv4_pool": "",
            "enable_dns64": false,
            "enable_lni_at_device_index": 0,
            "enable_resource_name_dns_a_record_on_launch": false,
            "enable_resource_name_dns_aaaa_record_on_launch": false,
            "id": "subnet-07f5dd7fbc98905fa",
            "ipv6_cidr_block": "",
            "ipv6_cidr_block_association_id": "",
            "ipv6_native": false,
            "map_customer_owned_ip_on_launch": false,
            "map_public_ip_on_launch": true,
            "outpost_arn": "",
            "owner_id": "075948657693",
            "private_dns_hostname_type_on_launch": "ip-name",
            "tags": {
              "Name": "VPC Public Subnets",
              "environment": "dev",
              "owners": "aws"
            },
            "tags_all": {
              "Name": "VPC Public Subnets",
              "environment": "dev",
              "owners": "aws"
            },
            "timeouts": null,
            "vpc_id": "vpc-0d29e4ae70561dfe9"
          },
          "sensitive_attributes": [],
          "private": "eyJlMmJmYjczMC1lY2FhLTExZTYtOGY4OC0zNDM2M2JjN2M0YzAiOnsiY3JlYXRlIjo2MDAwMDAwMDAwMDAsImRlbGV0ZSI6MTIwMDAwMDAwMDAwMH0sInNjaGVtYV92ZXJzaW9uIjoiMSJ9",
          "dependencies": [
            "module.vpc.aws_vpc.this",
            "module.vpc.aws_vpc_ipv4_cidr_block_association.this"
          ]
        }
      ]
    },
    {
      "module": "module.vpc",
      "mode": "managed",
      "type": "aws_vpc",
      "name": "this",
      "provider": "provider[\"registry.terraform.io/hashicorp/aws\"]",
      "instances": [
        {
          "index_key": 0,
          "schema_version": 1,
          "attributes": {
            "arn": "arn:aws:ec2:us-east-1:075948657693:vpc/vpc-0d29e4ae70561dfe9",
            "assign_generated_ipv6_cidr_block": false,
            "cidr_block": "10.0.0.0/16",
            "default_network_acl_id": "acl-0f284a1f4db44791e",
            "default_route_table_id": "rtb-04e522d2289828790",
            "default_security_group_id": "sg-073811edc3ac5b15a",
            "dhcp_options_id": "dopt-57014e2d",
            "enable_dns_hostnames": true,
            "enable_dns_support": true,
            "enable_network_address_usage_metrics": false,
            "id": "vpc-0d29e4ae70561dfe9",
            "instance_tenancy": "default",
            "ipv4_ipam_pool_id": null,
            "ipv4_netmask_length": null,
            "ipv6_association_id": "",
            "ipv6_cidr_block": "",
            "ipv6_cidr_block_network_border_group": "",
            "ipv6_ipam_pool_id": "",
            "ipv6_netmask_length": 0,
            "main_route_table_id": "rtb-04e522d2289828790",
            "owner_id": "075948657693",
            "tags": {
              "Name": "vpc-terraform-aws-dev",
              "environment": "dev",
              "owners": "aws"
            },
            "tags_all": {
              "Name": "vpc-terraform-aws-dev",
              "environment": "dev",
              "owners": "aws"
            }
          },
          "sensitive_attributes": [],
          "private": "eyJzY2hlbWFfdmVyc2lvbiI6IjEifQ==",
          "create_before_destroy": true
        }
      ]
    }
  ],
  "check_results": null
}
